
Microsoft Visual Studio Solution File, Format Version 12.00
# Visual Studio Version 16
VisualStudioVersion = 16.0.29806.167
MinimumVisualStudioVersion = 10.0.40219.1
Project("{FAE04EC0-301F-11D3-BF4B-00C04F79EFBC}") = "StringAnalyzer", "StringAnalyzer\StringAnalyzer.csproj", "{4F5D315E-7FF4-4CEE-B3FA-2003C3C8E646}"
EndProject
Global
	GlobalSection(SolutionConfigurationPlatforms) = preSolution
		Debug|Any CPU = Debug|Any CPU
		Release|Any CPU = Release|Any CPU
	EndGlobalSection
	GlobalSection(ProjectConfigurationPlatforms) = postSolution
		{4F5D315E-7FF4-4CEE-B3FA-2003C3C8E646}.Debug|Any CPU.ActiveCfg = Debug|Any CPU
		{4F5D315E-7FF4-4CEE-B3FA-2003C3C8E646}.Debug|Any CPU.Build.0 = Debug|Any CPU
		{4F5D315E-7FF4-4CEE-B3FA-2003C3C8E646}.Release|Any CPU.ActiveCfg = Release|Any CPU
		{4F5D315E-7FF4-4CEE-B3FA-2003C3C8E646}.Release|Any CPU.Build.0 = Release|Any CPU
	EndGlobalSection
	GlobalSection(SolutionProperties) = preSolution
		HideSolutionNode = FALSE
	EndGlobalSection
	GlobalSection(ExtensibilityGlobals) = postSolution
		SolutionGuid = {0BF28232-AC49-43BD-8DDE-E0EE7FFC84DE}
	EndGlobalSection
EndGlobal
